// !$*UTF8*$!
{
	archiveVersion = 1;
	classes = {
	};
	objectVersion = 50;
	objects = {

/* Begin PBXBuildFile section */
		2BF260AB218E8FC700152300 /* ViewController.swift in Sources */ = {isa = PBXBuildFile; fileRef = 2BF260AA218E8FC700152300 /* ViewController.swift */; };
		2BF260B0218E8FCD00152300 /* Assets.xcassets in Resources */ = {isa = PBXBuildFile; fileRef = 2BF260AF218E8FCD00152300 /* Assets.xcassets */; };
		2BF260BE218E8FCD00152300 /* mg2252_a5Tests.swift in Sources */ = {isa = PBXBuildFile; fileRef = 2BF260BD218E8FCD00152300 /* mg2252_a5Tests.swift */; };
		2BF260C9218E8FCD00152300 /* mg2252_a5UITests.swift in Sources */ = {isa = PBXBuildFile; fileRef = 2BF260C8218E8FCD00152300 /* mg2252_a5UITests.swift */; };
		2BF260D9218E907700152300 /* Restaurant.swift in Sources */ = {isa = PBXBuildFile; fileRef = 2BF260D8218E907700152300 /* Restaurant.swift */; };
		2BF260DB218EA3F800152300 /* PhotoCollectionViewCell.swift in Sources */ = {isa = PBXBuildFile; fileRef = 2BF260DA218EA3F800152300 /* PhotoCollectionViewCell.swift */; };
		2BF260E5218F941C00152300 /* SearchCollectionViewCell.swift in Sources */ = {isa = PBXBuildFile; fileRef = 2BF260E4218F941C00152300 /* SearchCollectionViewCell.swift */; };
		2BF260E7218F9B1300152300 /* AppDelegte.swift in Sources */ = {isa = PBXBuildFile; fileRef = 2BF260E6218F9B1300152300 /* AppDelegte.swift */; };
/* End PBXBuildFile section */

/* Begin PBXContainerItemProxy section */
		2BF260BA218E8FCD00152300 /* PBXContainerItemProxy */ = {
			isa = PBXContainerItemProxy;
			containerPortal = 2BF2609D218E8FC700152300 /* Project object */;
			proxyType = 1;
			remoteGlobalIDString = 2BF260A4218E8FC700152300;
			remoteInfo = mg2252_a5;
		};
		2BF260C5218E8FCD00152300 /* PBXContainerItemProxy */ = {
			isa = PBXContainerItemProxy;
			containerPortal = 2BF2609D218E8FC700152300 /* Project object */;
			proxyType = 1;
			remoteGlobalIDString = 2BF260A4218E8FC700152300;
			remoteInfo = mg2252_a5;
		};
/* End PBXContainerItemProxy section */

/* Begin PBXFileReference section */
		2BF260A5218E8FC700152300 /* mg2252_a5.app */ = {isa = PBXFileReference; explicitFileType = wrapper.application; includeInIndex = 0; path = mg2252_a5.app; sourceTree = BUILT_PRODUCTS_DIR; };
		2BF260AA218E8FC700152300 /* ViewController.swift */ = {isa = PBXFileReference; lastKnownFileType = sourcecode.swift; path = ViewController.swift; sourceTree = "<group>"; };
		2BF260AF218E8FCD00152300 /* Assets.xcassets */ = {isa = PBXFileReference; lastKnownFileType = folder.assetcatalog; path = Assets.xcassets; sourceTree = "<group>"; };
		2BF260B4218E8FCD00152300 /* Info.plist */ = {isa = PBXFileReference; lastKnownFileType = text.plist.xml; path = Info.plist; sourceTree = "<group>"; };
		2BF260B9218E8FCD00152300 /* mg2252_a5Tests.xctest */ = {isa = PBXFileReference; explicitFileType = wrapper.cfbundle; includeInIndex = 0; path = mg2252_a5Tests.xctest; sourceTree = BUILT_PRODUCTS_DIR; };
		2BF260BD218E8FCD00152300 /* mg2252_a5Tests.swift */ = {isa = PBXFileReference; lastKnownFileType = sourcecode.swift; path = mg2252_a5Tests.swift; sourceTree = "<group>"; };
		2BF260BF218E8FCD00152300 /* Info.plist */ = {isa = PBXFileReference; lastKnownFileType = text.plist.xml; path = Info.plist; sourceTree = "<group>"; };
		2BF260C4218E8FCD00152300 /* mg2252_a5UITests.xctest */ = {isa = PBXFileReference; explicitFileType = wrapper.cfbundle; includeInIndex = 0; path = mg2252_a5UITests.xctest; sourceTree = BUILT_PRODUCTS_DIR; };
		2BF260C8218E8FCD00152300 /* mg2252_a5UITests.swift */ = {isa = PBXFileReference; lastKnownFileType = sourcecode.swift; path = mg2252_a5UITests.swift; sourceTree = "<group>"; };
		2BF260CA218E8FCD00152300 /* Info.plist */ = {isa = PBXFileReference; lastKnownFileType = text.plist.xml; path = Info.plist; sourceTree = "<group>"; };
		2BF260D8218E907700152300 /* Restaurant.swift */ = {isa = PBXFileReference; lastKnownFileType = sourcecode.swift; path = Restaurant.swift; sourceTree = "<group>"; };
		2BF260DA218EA3F800152300 /* PhotoCollectionViewCell.swift */ = {isa = PBXFileReference; lastKnownFileType = sourcecode.swift; path = PhotoCollectionViewCell.swift; sourceTree = "<group>"; };
		2BF260E4218F941C00152300 /* SearchCollectionViewCell.swift */ = {isa = PBXFileReference; lastKnownFileType = sourcecode.swift; path = SearchCollectionViewCell.swift; sourceTree = "<group>"; };
		2BF260E6218F9B1300152300 /* AppDelegte.swift */ = {isa = PBXFileReference; lastKnownFileType = sourcecode.swift; path = AppDelegte.swift; sourceTree = "<group>"; };
/* End PBXFileReference section */

/* Begin PBXFrameworksBuildPhase section */
		2BF260A2218E8FC700152300 /* Frameworks */ = {
			isa = PBXFrameworksBuildPhase;
			buildActionMask = 2147483647;
			files = (
			);
			runOnlyForDeploymentPostprocessing = 0;
		};
		2BF260B6218E8FCD00152300 /* Frameworks */ = {
			isa = PBXFrameworksBuildPhase;
			buildActionMask = 2147483647;
			files = (
			);
			runOnlyForDeploymentPostprocessing = 0;
		};
		2BF260C1218E8FCD00152300 /* Frameworks */ = {
			isa = PBXFrameworksBuildPhase;
			buildActionMask = 2147483647;
			files = (
			);
			runOnlyForDeploymentPostprocessing = 0;
		};
/* End PBXFrameworksBuildPhase section */

/* Begin PBXGroup section */
		2BF2609C218E8FC700152300 = {
			isa = PBXGroup;
			children = (
				2BF260A7218E8FC700152300 /* mg2252_a5 */,
				2BF260BC218E8FCD00152300 /* mg2252_a5Tests */,
				2BF260C7218E8FCD00152300 /* mg2252_a5UITests */,
				2BF260A6218E8FC700152300 /* Products */,
			);
			sourceTree = "<group>";
		};
		2BF260A6218E8FC700152300 /* Products */ = {
			isa = PBXGroup;
			children = (
				2BF260A5218E8FC700152300 /* mg2252_a5.app */,
				2BF260B9218E8FCD00152300 /* mg2252_a5Tests.xctest */,
				2BF260C4218E8FCD00152300 /* mg2252_a5UITests.xctest */,
			);
			name = Products;
			sourceTree = "<group>";
		};
		2BF260A7218E8FC700152300 /* mg2252_a5 */ = {
			isa = PBXGroup;
			children = (
				2BF260E6218F9B1300152300 /* AppDelegte.swift */,
				2BF260AA218E8FC700152300 /* ViewController.swift */,
				2BF260DA218EA3F800152300 /* PhotoCollectionViewCell.swift */,
				2BF260E4218F941C00152300 /* SearchCollectionViewCell.swift */,
				2BF260AF218E8FCD00152300 /* Assets.xcassets */,
				2BF260B4218E8FCD00152300 /* Info.plist */,
				2BF260D8218E907700152300 /* Restaurant.swift */,
			);
			path = mg2252_a5;
			sourceTree = "<group>";
		};
		2BF260BC218E8FCD00152300 /* mg2252_a5Tests */ = {
			isa = PBXGroup;
			children = (
				2BF260BD218E8FCD00152300 /* mg2252_a5Tests.swift */,
				2BF260BF218E8FCD00152300 /* Info.plist */,
			);
			path = mg2252_a5Tests;
			sourceTree = "<group>";
		};
		2BF260C7218E8FCD00152300 /* mg2252_a5UITests */ = {
			isa = PBXGroup;
			children = (
				2BF260C8218E8FCD00152300 /* mg2252_a5UITests.swift */,
				2BF260CA218E8FCD00152300 /* Info.plist */,
			);
			path = mg2252_a5UITests;
			sourceTree = "<group>";
		};
/* End PBXGroup section */

/* Begin PBXNativeTarget section */
		2BF260A4218E8FC700152300 /* mg2252_a5 */ = {
			isa = PBXNativeTarget;
			buildConfigurationList = 2BF260CD218E8FCD00152300 /* Build configuration list for PBXNativeTarget "mg2252_a5" */;
			buildPhases = (
				2BF260A1218E8FC700152300 /* Sources */,
				2BF260A2218E8FC700152300 /* Frameworks */,
				2BF260A3218E8FC700152300 /* Resources */,
			);
			buildRules = (
			);
			dependencies = (
			);
			name = mg2252_a5;
			productName = mg2252_a5;
			productReference = 2BF260A5218E8FC700152300 /* mg2252_a5.app */;
			productType = "com.apple.product-type.application";
		};
		2BF260B8218E8FCD00152300 /* mg2252_a5Tests */ = {
			isa = PBXNativeTarget;
			buildConfigurationList = 2BF260D0218E8FCD00152300 /* Build configuration list for PBXNativeTarget "mg2252_a5Tests" */;
			buildPhases = (
				2BF260B5218E8FCD00152300 /* Sources */,
				2BF260B6218E8FCD00152300 /* Frameworks */,
				2BF260B7218E8FCD00152300 /* Resources */,
			);
			buildRules = (
			);
			dependencies = (
				2BF260BB218E8FCD00152300 /* PBXTargetDependency */,
			);
			name = mg2252_a5Tests;
			productName = mg2252_a5Tests;
			productReference = 2BF260B9218E8FCD00152300 /* mg2252_a5Tests.xctest */;
			productType = "com.apple.product-type.bundle.unit-test";
		};
		2BF260C3218E8FCD00152300 /* mg2252_a5UITests */ = {
			isa = PBXNativeTarget;
			buildConfigurationList = 2BF260D3218E8FCD00152300 /* Build configuration list for PBXNativeTarget "mg2252_a5UITests" */;
			buildPhases = (
				2BF260C0218E8FCD00152300 /* Sources */,
				2BF260C1218E8FCD00152300 /* Frameworks */,
				2BF260C2218E8FCD00152300 /* Resources */,
			);
			buildRules = (
			);
			dependencies = (
				2BF260C6218E8FCD00152300 /* PBXTargetDependency */,
			);
			name = mg2252_a5UITests;
			productName = mg2252_a5UITests;
			productReference = 2BF260C4218E8FCD00152300 /* mg2252_a5UITests.xctest */;
			productType = "com.apple.product-type.bundle.ui-testing";
		};
/* End PBXNativeTarget section */

/* Begin PBXProject section */
		2BF2609D218E8FC700152300 /* Project object */ = {
			isa = PBXProject;
			attributes = {
				LastSwiftUpdateCheck = 1010;
				LastUpgradeCheck = 1010;
				ORGANIZATIONNAME = "Medhavi Gandhi";
				TargetAttributes = {
					2BF260A4218E8FC700152300 = {
						CreatedOnToolsVersion = 10.1;
					};
					2BF260B8218E8FCD00152300 = {
						CreatedOnToolsVersion = 10.1;
						TestTargetID = 2BF260A4218E8FC700152300;
					};
					2BF260C3218E8FCD00152300 = {
						CreatedOnToolsVersion = 10.1;
						TestTargetID = 2BF260A4218E8FC700152300;
					};
				};
			};
			buildConfigurationList = 2BF260A0218E8FC700152300 /* Build configuration list for PBXProject "mg2252_a5" */;
			compatibilityVersion = "Xcode 9.3";
			developmentRegion = en;
			hasScannedForEncodings = 0;
			knownRegions = (
				en,
				Base,
			);
			mainGroup = 2BF2609C218E8FC700152300;
			productRefGroup = 2BF260A6218E8FC700152300 /* Products */;
			projectDirPath = "";
			projectRoot = "";
			targets = (
				2BF260A4218E8FC700152300 /* mg2252_a5 */,
				2BF260B8218E8FCD00152300 /* mg2252_a5Tests */,
				2BF260C3218E8FCD00152300 /* mg2252_a5UITests */,
			);
		};
/* End PBXProject section */

/* Begin PBXResourcesBuildPhase section */
		2BF260A3218E8FC700152300 /* Resources */ = {
			isa = PBXResourcesBuildPhase;
			buildActionMask = 2147483647;
			files = (
				2BF260B0218E8FCD00152300 /* Assets.xcassets in Resources */,
			);
			runOnlyForDeploymentPostprocessing = 0;
		};
		2BF260B7218E8FCD00152300 /* Resources */ = {
			isa = PBXResourcesBuildPhase;
			buildActionMask = 2147483647;
			files = (
			);
			runOnlyForDeploymentPostprocessing = 0;
		};
		2BF260C2218E8FCD00152300 /* Resources */ = {
			isa = PBXResourcesBuildPhase;
			buildActionMask = 2147483647;
			files = (
			);
			runOnlyForDeploymentPostprocessing = 0;
		};
/* End PBXResourcesBuildPhase section */

/* Begin PBXSourcesBuildPhase section */
		2BF260A1218E8FC700152300 /* Sources */ = {
			isa = PBXSourcesBuildPhase;
			buildActionMask = 2147483647;
			files = (
				2BF260AB218E8FC700152300 /* ViewController.swift in Sources */,
				2BF260DB218EA3F800152300 /* PhotoCollectionViewCell.swift in Sources */,
				2BF260D9218E907700152300 /* Restaurant.swift in Sources */,
				2BF260E5218F941C00152300 /* SearchCollectionViewCell.swift in Sources */,
				2BF260E7218F9B1300152300 /* AppDelegte.swift in Sources */,
			);
			runOnlyForDeploymentPostprocessing = 0;
		};
		2BF260B5218E8FCD00152300 /* Sources */ = {
			isa = PBXSourcesBuildPhase;
			buildActionMask = 2147483647;
			files = (
				2BF260BE218E8FCD00152300 /* mg2252_a5Tests.swift in Sources */,
			);
			runOnlyForDeploymentPostprocessing = 0;
		};
		2BF260C0218E8FCD00152300 /* Sources */ = {
			isa = PBXSourcesBuildPhase;
			buildActionMask = 2147483647;
			files = (
				2BF260C9218E8FCD00152300 /* mg2252_a5UITests.swift in Sources */,
			);
			runOnlyForDeploymentPostprocessing = 0;
		};
/* End PBXSourcesBuildPhase section */

/* Begin PBXTargetDependency section */
		2BF260BB218E8FCD00152300 /* PBXTargetDependency */ = {
			isa = PBXTargetDependency;
			target = 2BF260A4218E8FC700152300 /* mg2252_a5 */;
			targetProxy = 2BF260BA218E8FCD00152300 /* PBXContainerItemProxy */;
		};
		2BF260C6218E8FCD00152300 /* PBXTargetDependency */ = {
			isa = PBXTargetDependency;
			target = 2BF260A4218E8FC700152300 /* mg2252_a5 */;
			targetProxy = 2BF260C5218E8FCD00152300 /* PBXContainerItemProxy */;
		};
/* End PBXTargetDependency section */

/* Begin XCBuildConfiguration section */
		2BF260CB218E8FCD00152300 /* Debug */ = {
			isa = XCBuildConfiguration;
			buildSettings = {
				ALWAYS_SEARCH_USER_PATHS = NO;
				CLANG_ANALYZER_NONNULL = YES;
				CLANG_ANALYZER_NUMBER_OBJECT_CONVERSION = YES_AGGRESSIVE;
				CLANG_CXX_LANGUAGE_STANDARD = "gnu++14";
				CLANG_CXX_LIBRARY = "libc++";
				CLANG_ENABLE_MODULES = YES;
				CLANG_ENABLE_OBJC_ARC = YES;
				CLANG_ENABLE_OBJC_WEAK = YES;
				CLANG_WARN_BLOCK_CAPTURE_AUTORELEASING = YES;
				CLANG_WARN_BOOL_CONVERSION = YES;
				CLANG_WARN_COMMA = YES;
				CLANG_WARN_CONSTANT_CONVERSION = YES;
				CLANG_WARN_DEPRECATED_OBJC_IMPLEMENTATIONS = YES;
				CLANG_WARN_DIRECT_OBJC_ISA_USAGE = YES_ERROR;
				CLANG_WARN_DOCUMENTATION_COMMENTS = YES;
				CLANG_WARN_EMPTY_BODY = YES;
				CLANG_WARN_ENUM_CONVERSION = YES;
				CLANG_WARN_INFINITE_RECURSION = YES;
				CLANG_WARN_INT_CONVERSION = YES;
				CLANG_WARN_NON_LITERAL_NULL_CONVERSION = YES;
				CLANG_WARN_OBJC_IMPLICIT_RETAIN_SELF = YES;
				CLANG_WARN_OBJC_LITERAL_CONVERSION = YES;
				CLANG_WARN_OBJC_ROOT_CLASS = YES_ERROR;
				CLANG_WARN_RANGE_LOOP_ANALYSIS = YES;
				CLANG_WARN_STRICT_PROTOTYPES = YES;
				CLANG_WARN_SUSPICIOUS_MOVE = YES;
				CLANG_WARN_UNGUARDED_AVAILABILITY = YES_AGGRESSIVE;
				CLANG_WARN_UNREACHABLE_CODE = YES;
				CLANG_WARN__DUPLICATE_METHOD_MATCH = YES;
				CODE_SIGN_IDENTITY = "iPhone Developer";
				COPY_PHASE_STRIP = NO;
				DEBUG_INFORMATION_FORMAT = dwarf;
				ENABLE_STRICT_OBJC_MSGSEND = YES;
				ENABLE_TESTABILITY = YES;
				GCC_C_LANGUAGE_STANDARD = gnu11;
				GCC_DYNAMIC_NO_PIC = NO;
				GCC_NO_COMMON_BLOCKS = YES;
				GCC_OPTIMIZATION_LEVEL = 0;
				GCC_PREPROCESSOR_DEFINITIONS = (
					"DEBUG=1",
					"$(inherited)",
				);
				GCC_WARN_64_TO_32_BIT_CONVERSION = YES;
				GCC_WARN_ABOUT_RETURN_TYPE = YES_ERROR;
				GCC_WARN_UNDECLARED_SELECTOR = YES;
				GCC_WARN_UNINITIALIZED_AUTOS = YES_AGGRESSIVE;
				GCC_WARN_UNUSED_FUNCTION = YES;
				GCC_WARN_UNUSED_VARIABLE = YES;
				IPHONEOS_DEPLOYMENT_TARGET = 12.1;
				MTL_ENABLE_DEBUG_INFO = INCLUDE_SOURCE;
				MTL_FAST_MATH = YES;
				ONLY_ACTIVE_ARCH = YES;
				SDKROOT = iphoneos;
				SWIFT_ACTIVE_COMPILATION_CONDITIONS = DEBUG;
				SWIFT_OPTIMIZATION_LEVEL = "-Onone";
			};
			name = Debug;
		};
		2BF260CC218E8FCD00152300 /* Release */ = {
			isa = XCBuildConfiguration;
			buildSettings = {
				ALWAYS_SEARCH_USER_PATHS = NO;
				CLANG_ANALYZER_NONNULL = YES;
				CLANG_ANALYZER_NUMBER_OBJECT_CONVERSION = YES_AGGRESSIVE;
				CLANG_CXX_LANGUAGE_STANDARD = "gnu++14";
				CLANG_CXX_LIBRARY = "libc++";
				CLANG_ENABLE_MODULES = YES;
				CLANG_ENABLE_OBJC_ARC = YES;
				CLANG_ENABLE_OBJC_WEAK = YES;
				CLANG_WARN_BLOCK_CAPTURE_AUTORELEASING = YES;
				CLANG_WARN_BOOL_CONVERSION = YES;
				CLANG_WARN_COMMA = YES;
				CLANG_WARN_CONSTANT_CONVERSION = YES;
				CLANG_WARN_DEPRECATED_OBJC_IMPLEMENTATIONS = YES;
				CLANG_WARN_DIRECT_OBJC_ISA_USAGE = YES_ERROR;
				CLANG_WARN_DOCUMENTATION_COMMENTS = YES;
				CLANG_WARN_EMPTY_BODY = YES;
				CLANG_WARN_ENUM_CONVERSION = YES;
				CLANG_WARN_INFINITE_RECURSION = YES;
				CLANG_WARN_INT_CONVERSION = YES;
				CLANG_WARN_NON_LITERAL_NULL_CONVERSION = YES;
				CLANG_WARN_OBJC_IMPLICIT_RETAIN_SELF = YES;
				CLANG_WARN_OBJC_LITERAL_CONVERSION = YES;
				CLANG_WARN_OBJC_ROOT_CLASS = YES_ERROR;
				CLANG_WARN_RANGE_LOOP_ANALYSIS = YES;
				CLANG_WARN_STRICT_PROTOTYPES = YES;
				CLANG_WARN_SUSPICIOUS_MOVE = YES;
				CLANG_WARN_UNGUARDED_AVAILABILITY = YES_AGGRESSIVE;
				CLANG_WARN_UNREACHABLE_CODE = YES;
				CLANG_WARN__DUPLICATE_METHOD_MATCH = YES;
				CODE_SIGN_IDENTITY = "iPhone Developer";
				COPY_PHASE_STRIP = NO;
				DEBUG_INFORMATION_FORMAT = "dwarf-with-dsym";
				ENABLE_NS_ASSERTIONS = NO;
				ENABLE_STRICT_OBJC_MSGSEND = YES;
				GCC_C_LANGUAGE_STANDARD = gnu11;
				GCC_NO_COMMON_BLOCKS = YES;
				GCC_WARN_64_TO_32_BIT_CONVERSION = YES;
				GCC_WARN_ABOUT_RETURN_TYPE = YES_ERROR;
				GCC_WARN_UNDECLARED_SELECTOR = YES;
				GCC_WARN_UNINITIALIZED_AUTOS = YES_AGGRESSIVE;
				GCC_WARN_UNUSED_FUNCTION = YES;
				GCC_WARN_UNUSED_VARIABLE = YES;
				IPHONEOS_DEPLOYMENT_TARGET = 12.1;
				MTL_ENABLE_DEBUG_INFO = NO;
				MTL_FAST_MATH = YES;
				SDKROOT = iphoneos;
				SWIFT_COMPILATION_MODE = wholemodule;
				SWIFT_OPTIMIZATION_LEVEL = "-O";
				VALIDATE_PRODUCT = YES;
			};
			name = Release;
		};
		2BF260CE218E8FCD00152300 /* Debug */ = {
			isa = XCBuildConfiguration;
			buildSettings = {
				ASSETCATALOG_COMPILER_APPICON_NAME = AppIcon;
				CODE_SIGN_STYLE = Automatic;
				INFOPLIST_FILE = mg2252_a5/Info.plist;
				LD_RUNPATH_SEARCH_PATHS = (
					"$(inherited)",
					"@executable_path/Frameworks",
				);
				PRODUCT_BUNDLE_IDENTIFIER = "mg.mg2252-a5";
				PRODUCT_NAME = "$(TARGET_NAME)";
				SWIFT_VERSION = 4.2;
				TARGETED_DEVICE_FAMILY = "1,2";
			};
			name = Debug;
		};
		2BF260CF218E8FCD00152300 /* Release */ = {
			isa = XCBuildConfiguration;
			buildSettings = {
				ASSETCATALOG_COMPILER_APPICON_NAME = AppIcon;
				CODE_SIGN_STYLE = Automatic;
				INFOPLIST_FILE = mg2252_a5/Info.plist;
				LD_RUNPATH_SEARCH_PATHS = (
					"$(inherited)",
					"@executable_path/Frameworks",
				);
				PRODUCT_BUNDLE_IDENTIFIER = "mg.mg2252-a5";
				PRODUCT_NAME = "$(TARGET_NAME)";
				SWIFT_VERSION = 4.2;
				TARGETED_DEVICE_FAMILY = "1,2";
			};
			name = Release;
		};
		2BF260D1218E8FCD00152300 /* Debug */ = {
			isa = XCBuildConfiguration;
			buildSettings = {
				ALWAYS_EMBED_SWIFT_STANDARD_LIBRARIES = YES;
				BUNDLE_LOADER = "$(TEST_HOST)";
				CODE_SIGN_STYLE = Automatic;
				INFOPLIST_FILE = mg2252_a5Tests/Info.plist;
				LD_RUNPATH_SEARCH_PATHS = (
					"$(inherited)",
					"@executable_path/Frameworks",
					"@loader_path/Frameworks",
				);
				PRODUCT_BUNDLE_IDENTIFIER = "mg.mg2252-a5Tests";
				PRODUCT_NAME = "$(TARGET_NAME)";
				SWIFT_VERSION = 4.2;
				TARGETED_DEVICE_FAMILY = "1,2";
				TEST_HOST = "$(BUILT_PRODUCTS_DIR)/mg2252_a5.app/mg2252_a5";
			};
			name = Debug;
		};
		2BF260D2218E8FCD00152300 /* Release */ = {
			isa = XCBuildConfiguration;
			buildSettings = {
				ALWAYS_EMBED_SWIFT_STANDARD_LIBRARIES = YES;
				BUNDLE_LOADER = "$(TEST_HOST)";
				CODE_SIGN_STYLE = Automatic;
				INFOPLIST_FILE = mg2252_a5Tests/Info.plist;
				LD_RUNPATH_SEARCH_PATHS = (
					"$(inherited)",
					"@executable_path/Frameworks",
					"@loader_path/Frameworks",
				);
				PRODUCT_BUNDLE_IDENTIFIER = "mg.mg2252-a5Tests";
				PRODUCT_NAME = "$(TARGET_NAME)";
				SWIFT_VERSION = 4.2;
				TARGETED_DEVICE_FAMILY = "1,2";
				TEST_HOST = "$(BUILT_PRODUCTS_DIR)/mg2252_a5.app/mg2252_a5";
			};
			name = Release;
		};
		2BF260D4218E8FCD00152300 /* Debug */ = {
			isa = XCBuildConfiguration;
			buildSettings = {
				ALWAYS_EMBED_SWIFT_STANDARD_LIBRARIES = YES;
				CODE_SIGN_STYLE = Automatic;
				INFOPLIST_FILE = mg2252_a5UITests/Info.plist;
				LD_RUNPATH_SEARCH_PATHS = (
					"$(inherited)",
					"@executable_path/Frameworks",
					"@loader_path/Frameworks",
				);
				PRODUCT_BUNDLE_IDENTIFIER = "mg.mg2252-a5UITests";
				PRODUCT_NAME = "$(TARGET_NAME)";
				SWIFT_VERSION = 4.2;
				TARGETED_DEVICE_FAMILY = "1,2";
				TEST_TARGET_NAME = mg2252_a5;
			};
			name = Debug;
		};
		2BF260D5218E8FCD00152300 /* Release */ = {
			isa = XCBuildConfiguration;
			buildSettings = {
				ALWAYS_EMBED_SWIFT_STANDARD_LIBRARIES = YES;
				CODE_SIGN_STYLE = Automatic;
				INFOPLIST_FILE = mg2252_a5UITests/Info.plist;
				LD_RUNPATH_SEARCH_PATHS = (
					"$(inherited)",
					"@executable_path/Frameworks",
					"@loader_path/Frameworks",
				);
				PRODUCT_BUNDLE_IDENTIFIER = "mg.mg2252-a5UITests";
				PRODUCT_NAME = "$(TARGET_NAME)";
				SWIFT_VERSION = 4.2;
				TARGETED_DEVICE_FAMILY = "1,2";
				TEST_TARGET_NAME = mg2252_a5;
			};
			name = Release;
		};
/* End XCBuildConfiguration section */

/* Begin XCConfigurationList section */
		2BF260A0218E8FC700152300 /* Build configuration list for PBXProject "mg2252_a5" */ = {
			isa = XCConfigurationList;
			buildConfigurations = (
				2BF260CB218E8FCD00152300 /* Debug */,
				2BF260CC218E8FCD00152300 /* Release */,
			);
			defaultConfigurationIsVisible = 0;
			defaultConfigurationName = Release;
		};
		2BF260CD218E8FCD00152300 /* Build configuration list for PBXNativeTarget "mg2252_a5" */ = {
			isa = XCConfigurationList;
			buildConfigurations = (
				2BF260CE218E8FCD00152300 /* Debug */,
				2BF260CF218E8FCD00152300 /* Release */,
			);
			defaultConfigurationIsVisible = 0;
			defaultConfigurationName = Release;
		};
		2BF260D0218E8FCD00152300 /* Build configuration list for PBXNativeTarget "mg2252_a5Tests" */ = {
			isa = XCConfigurationList;
			buildConfigurations = (
				2BF260D1218E8FCD00152300 /* Debug */,
				2BF260D2218E8FCD00152300 /* Release */,
			);
			defaultConfigurationIsVisible = 0;
			defaultConfigurationName = Release;
		};
		2BF260D3218E8FCD00152300 /* Build configuration list for PBXNativeTarget "mg2252_a5UITests" */ = {
			isa = XCConfigurationList;
			buildConfigurations = (
				2BF260D4218E8FCD00152300 /* Debug */,
				2BF260D5218E8FCD00152300 /* Release */,
			);
			defaultConfigurationIsVisible = 0;
			defaultConfigurationName = Release;
		};
/* End XCConfigurationList section */
	};
	rootObject = 2BF2609D218E8FC700152300 /* Project object */;
}
